
Microsoft Visual Studio Solution File, Format Version 12.00
# Visual Studio 14
VisualStudioVersion = 14.0.25420.1
MinimumVisualStudioVersion = 10.0.40219.1
Project("{FAE04EC0-301F-11D3-BF4B-00C04F79EFBC}") = "IcingaTrayNotify", "IcingaTrayNotify\IcingaTrayNotify.csproj", "{AAD04AA6-D7B2-4B9E-A608-B81225CF94E9}"
EndProject
Project("{FAE04EC0-301F-11D3-BF4B-00C04F79EFBC}") = "updater", "updater\updater.csproj", "{7943D9F8-D43F-4D15-9826-63E07E070AB8}"
EndProject
Global
	GlobalSection(SolutionConfigurationPlatforms) = preSolution
		Debug|Any CPU = Debug|Any CPU
		Release|Any CPU = Release|Any CPU
	EndGlobalSection
	GlobalSection(ProjectConfigurationPlatforms) = postSolution
		{AAD04AA6-D7B2-4B9E-A608-B81225CF94E9}.Debug|Any CPU.ActiveCfg = Debug|Any CPU
		{AAD04AA6-D7B2-4B9E-A608-B81225CF94E9}.Debug|Any CPU.Build.0 = Debug|Any CPU
		{AAD04AA6-D7B2-4B9E-A608-B81225CF94E9}.Release|Any CPU.ActiveCfg = Release|Any CPU
		{AAD04AA6-D7B2-4B9E-A608-B81225CF94E9}.Release|Any CPU.Build.0 = Release|Any CPU
		{7943D9F8-D43F-4D15-9826-63E07E070AB8}.Debug|Any CPU.ActiveCfg = Debug|Any CPU
		{7943D9F8-D43F-4D15-9826-63E07E070AB8}.Debug|Any CPU.Build.0 = Debug|Any CPU
		{7943D9F8-D43F-4D15-9826-63E07E070AB8}.Release|Any CPU.ActiveCfg = Release|Any CPU
		{7943D9F8-D43F-4D15-9826-63E07E070AB8}.Release|Any CPU.Build.0 = Release|Any CPU
	EndGlobalSection
	GlobalSection(SolutionProperties) = preSolution
		HideSolutionNode = FALSE
	EndGlobalSection
EndGlobal
